
Microsoft Visual Studio Solution File, Format Version 12.00
# Visual Studio 15
VisualStudioVersion = 15.0.28307.645
MinimumVisualStudioVersion = 10.0.40219.1
Project("{FAE04EC0-301F-11D3-BF4B-00C04F79EFBC}") = "FunBlackJack", "FunBlackJack\FunBlackJack.csproj", "{C1194F02-CF3F-4959-8E2A-4C84E86DC75C}"
EndProject
Global
	GlobalSection(SolutionConfigurationPlatforms) = preSolution
		Debug|Any CPU = Debug|Any CPU
		Release|Any CPU = Release|Any CPU
	EndGlobalSection
	GlobalSection(ProjectConfigurationPlatforms) = postSolution
		{C1194F02-CF3F-4959-8E2A-4C84E86DC75C}.Debug|Any CPU.ActiveCfg = Debug|Any CPU
		{C1194F02-CF3F-4959-8E2A-4C84E86DC75C}.Debug|Any CPU.Build.0 = Debug|Any CPU
		{C1194F02-CF3F-4959-8E2A-4C84E86DC75C}.Release|Any CPU.ActiveCfg = Release|Any CPU
		{C1194F02-CF3F-4959-8E2A-4C84E86DC75C}.Release|Any CPU.Build.0 = Release|Any CPU
	EndGlobalSection
	GlobalSection(SolutionProperties) = preSolution
		HideSolutionNode = FALSE
	EndGlobalSection
	GlobalSection(ExtensibilityGlobals) = postSolution
		SolutionGuid = {09878B6D-BD60-4A07-969A-2DDF1052871E}
	EndGlobalSection
EndGlobal
